
Microsoft Visual Studio Solution File, Format Version 12.00
# Visual Studio Version 16
VisualStudioVersion = 16.0.31727.386
MinimumVisualStudioVersion = 10.0.40219.1
Project("{FAE04EC0-301F-11D3-BF4B-00C04F79EFBC}") = "Ebanx", "Ebanx\Ebanx.csproj", "{53442C89-96AE-4108-A36D-A745C01B1C84}"
EndProject
Project("{FAE04EC0-301F-11D3-BF4B-00C04F79EFBC}") = "Ebanx.Domain", "Ebanx.Domain\Ebanx.Domain.csproj", "{BA2EE07A-EE1D-4C15-B208-E7F98396E7D8}"
EndProject
Project("{FAE04EC0-301F-11D3-BF4B-00C04F79EFBC}") = "Ebanx.Infrastructure", "Ebanx.Infrastructure\Ebanx.Infrastructure.csproj", "{0E06DAE8-16B2-419E-BEF1-685726F9E045}"
EndProject
Project("{FAE04EC0-301F-11D3-BF4B-00C04F79EFBC}") = "Ebanx.Core", "Ebanx.Core\Ebanx.Core.csproj", "{C64EE6D9-4EC1-48AF-97BA-0A6D0E5E91D6}"
EndProject
Global
	GlobalSection(SolutionConfigurationPlatforms) = preSolution
		Debug|Any CPU = Debug|Any CPU
		Release|Any CPU = Release|Any CPU
	EndGlobalSection
	GlobalSection(ProjectConfigurationPlatforms) = postSolution
		{53442C89-96AE-4108-A36D-A745C01B1C84}.Debug|Any CPU.ActiveCfg = Debug|Any CPU
		{53442C89-96AE-4108-A36D-A745C01B1C84}.Debug|Any CPU.Build.0 = Debug|Any CPU
		{53442C89-96AE-4108-A36D-A745C01B1C84}.Release|Any CPU.ActiveCfg = Release|Any CPU
		{53442C89-96AE-4108-A36D-A745C01B1C84}.Release|Any CPU.Build.0 = Release|Any CPU
		{BA2EE07A-EE1D-4C15-B208-E7F98396E7D8}.Debug|Any CPU.ActiveCfg = Debug|Any CPU
		{BA2EE07A-EE1D-4C15-B208-E7F98396E7D8}.Debug|Any CPU.Build.0 = Debug|Any CPU
		{BA2EE07A-EE1D-4C15-B208-E7F98396E7D8}.Release|Any CPU.ActiveCfg = Release|Any CPU
		{BA2EE07A-EE1D-4C15-B208-E7F98396E7D8}.Release|Any CPU.Build.0 = Release|Any CPU
		{0E06DAE8-16B2-419E-BEF1-685726F9E045}.Debug|Any CPU.ActiveCfg = Debug|Any CPU
		{0E06DAE8-16B2-419E-BEF1-685726F9E045}.Debug|Any CPU.Build.0 = Debug|Any CPU
		{0E06DAE8-16B2-419E-BEF1-685726F9E045}.Release|Any CPU.ActiveCfg = Release|Any CPU
		{0E06DAE8-16B2-419E-BEF1-685726F9E045}.Release|Any CPU.Build.0 = Release|Any CPU
		{C64EE6D9-4EC1-48AF-97BA-0A6D0E5E91D6}.Debug|Any CPU.ActiveCfg = Debug|Any CPU
		{C64EE6D9-4EC1-48AF-97BA-0A6D0E5E91D6}.Debug|Any CPU.Build.0 = Debug|Any CPU
		{C64EE6D9-4EC1-48AF-97BA-0A6D0E5E91D6}.Release|Any CPU.ActiveCfg = Release|Any CPU
		{C64EE6D9-4EC1-48AF-97BA-0A6D0E5E91D6}.Release|Any CPU.Build.0 = Release|Any CPU
	EndGlobalSection
	GlobalSection(SolutionProperties) = preSolution
		HideSolutionNode = FALSE
	EndGlobalSection
	GlobalSection(ExtensibilityGlobals) = postSolution
		SolutionGuid = {2C93E1C9-167D-443A-81DD-C6437BFFCAA5}
	EndGlobalSection
EndGlobal
